
Microsoft Visual Studio Solution File, Format Version 12.00
# Visual Studio 15
VisualStudioVersion = 15.0.27703.2042
MinimumVisualStudioVersion = 10.0.40219.1
Project("{FAE04EC0-301F-11D3-BF4B-00C04F79EFBC}") = "Task2", "GeekBrains6DZ\Task2.csproj", "{34C477C2-6485-4588-9055-5213B69CB22D}"
EndProject
Global
	GlobalSection(SolutionConfigurationPlatforms) = preSolution
		Debug|Any CPU = Debug|Any CPU
		Release|Any CPU = Release|Any CPU
	EndGlobalSection
	GlobalSection(ProjectConfigurationPlatforms) = postSolution
		{34C477C2-6485-4588-9055-5213B69CB22D}.Debug|Any CPU.ActiveCfg = Debug|Any CPU
		{34C477C2-6485-4588-9055-5213B69CB22D}.Debug|Any CPU.Build.0 = Debug|Any CPU
		{34C477C2-6485-4588-9055-5213B69CB22D}.Release|Any CPU.ActiveCfg = Release|Any CPU
		{34C477C2-6485-4588-9055-5213B69CB22D}.Release|Any CPU.Build.0 = Release|Any CPU
	EndGlobalSection
	GlobalSection(SolutionProperties) = preSolution
		HideSolutionNode = FALSE
	EndGlobalSection
	GlobalSection(ExtensibilityGlobals) = postSolution
		SolutionGuid = {838FF9F0-586F-41C3-BC7A-C9A99E84002C}
	EndGlobalSection
EndGlobal
